
Microsoft Visual Studio Solution File, Format Version 12.00
# Visual Studio Version 16
VisualStudioVersion = 16.0.31205.134
MinimumVisualStudioVersion = 10.0.40219.1
Project("{FAE04EC0-301F-11D3-BF4B-00C04F79EFBC}") = "FlashCards", "FlashCards\FlashCards.csproj", "{2018A5E3-7FDC-4B85-9809-3637B42098DB}"
EndProject
Global
	GlobalSection(SolutionConfigurationPlatforms) = preSolution
		Debug|Any CPU = Debug|Any CPU
		Release|Any CPU = Release|Any CPU
	EndGlobalSection
	GlobalSection(ProjectConfigurationPlatforms) = postSolution
		{2018A5E3-7FDC-4B85-9809-3637B42098DB}.Debug|Any CPU.ActiveCfg = Debug|Any CPU
		{2018A5E3-7FDC-4B85-9809-3637B42098DB}.Debug|Any CPU.Build.0 = Debug|Any CPU
		{2018A5E3-7FDC-4B85-9809-3637B42098DB}.Release|Any CPU.ActiveCfg = Release|Any CPU
		{2018A5E3-7FDC-4B85-9809-3637B42098DB}.Release|Any CPU.Build.0 = Release|Any CPU
	EndGlobalSection
	GlobalSection(SolutionProperties) = preSolution
		HideSolutionNode = FALSE
	EndGlobalSection
	GlobalSection(ExtensibilityGlobals) = postSolution
		SolutionGuid = {A85A019D-6DE3-401D-B30A-0C4A976C7581}
	EndGlobalSection
EndGlobal
